
Microsoft Visual Studio Solution File, Format Version 12.00
# Visual Studio Version 17
VisualStudioVersion = 17.4.33213.308
MinimumVisualStudioVersion = 10.0.40219.1
Project("{FAE04EC0-301F-11D3-BF4B-00C04F79EFBC}") = "QLSV_ASM2", "QLSV_ASM2\QLSV_ASM2.csproj", "{93C8F578-1756-4D5C-9CAB-1DF2483D7A7E}"
EndProject
Global
	GlobalSection(SolutionConfigurationPlatforms) = preSolution
		Debug|Any CPU = Debug|Any CPU
		Release|Any CPU = Release|Any CPU
	EndGlobalSection
	GlobalSection(ProjectConfigurationPlatforms) = postSolution
		{93C8F578-1756-4D5C-9CAB-1DF2483D7A7E}.Debug|Any CPU.ActiveCfg = Debug|Any CPU
		{93C8F578-1756-4D5C-9CAB-1DF2483D7A7E}.Debug|Any CPU.Build.0 = Debug|Any CPU
		{93C8F578-1756-4D5C-9CAB-1DF2483D7A7E}.Release|Any CPU.ActiveCfg = Release|Any CPU
		{93C8F578-1756-4D5C-9CAB-1DF2483D7A7E}.Release|Any CPU.Build.0 = Release|Any CPU
	EndGlobalSection
	GlobalSection(SolutionProperties) = preSolution
		HideSolutionNode = FALSE
	EndGlobalSection
	GlobalSection(ExtensibilityGlobals) = postSolution
		SolutionGuid = {832A1727-3C17-4923-9498-5482529B12B9}
	EndGlobalSection
EndGlobal
